{
  "name": "workApp",
  "version": "0.1.0",
  "lockfileVersion": 1,
  "requires": true,
  "dependencies": {
    "jquery": {
      "version": "1.11.3",
      "resolved": "https://registry.npmjs.org/jquery/-/jquery-1.11.3.tgz",
      "integrity": "sha1-3Yt0J4snEC0p32Pq4oMIqM+htYM="
    },
    "jquery.mloading.js": {
      "version": "0.1.51",
      "resolved": "https://registry.npmjs.org/jquery.mloading.js/-/jquery.mloading.js-0.1.51.tgz",
      "integrity": "sha1-ZkKKDS/tUAkG6bMLX4hNlqYIjyM=",
      "requires": {
        "jquery": "1.11.3"
      }
    }
  }
}
